
Microsoft Visual Studio Solution File, Format Version 12.00
# Visual Studio Version 17
VisualStudioVersion = 17.6.33815.320
MinimumVisualStudioVersion = 10.0.40219.1
Project("{FAE04EC0-301F-11D3-BF4B-00C04F79EFBC}") = "Production Analysis", "Production Analysis.csproj", "{4BF0E88A-8A92-4AAA-918A-1E876700AA3D}"
EndProject
Global
	GlobalSection(SolutionConfigurationPlatforms) = preSolution
		Debug|Any CPU = Debug|Any CPU
		Release|Any CPU = Release|Any CPU
	EndGlobalSection
	GlobalSection(ProjectConfigurationPlatforms) = postSolution
		{4BF0E88A-8A92-4AAA-918A-1E876700AA3D}.Debug|Any CPU.ActiveCfg = Debug|Any CPU
		{4BF0E88A-8A92-4AAA-918A-1E876700AA3D}.Debug|Any CPU.Build.0 = Debug|Any CPU
		{4BF0E88A-8A92-4AAA-918A-1E876700AA3D}.Release|Any CPU.ActiveCfg = Release|Any CPU
		{4BF0E88A-8A92-4AAA-918A-1E876700AA3D}.Release|Any CPU.Build.0 = Release|Any CPU
	EndGlobalSection
	GlobalSection(SolutionProperties) = preSolution
		HideSolutionNode = FALSE
	EndGlobalSection
	GlobalSection(ExtensibilityGlobals) = postSolution
		SolutionGuid = {B7C1E441-188A-4AA4-AD6A-1DDF26057AB2}
	EndGlobalSection
EndGlobal
